
Microsoft Visual Studio Solution File, Format Version 12.00
# Visual Studio Version 17
VisualStudioVersion = 17.2.32630.192
MinimumVisualStudioVersion = 10.0.40219.1
Project("{2150E333-8FDC-42A3-9474-1A3956D46DE8}") = "Api", "Api", "{DB3FBE13-3976-4F64-91D1-C717F95FFE6E}"
EndProject
Project("{2150E333-8FDC-42A3-9474-1A3956D46DE8}") = "Services.PhoneBook", "Services.PhoneBook", "{B450BFB7-E8AC-4F3A-B7F4-C6D2C5FD33BA}"
EndProject
Project("{2150E333-8FDC-42A3-9474-1A3956D46DE8}") = "src", "src", "{58458766-F8D1-454B-AF6B-197CE215FEC6}"
EndProject
Project("{9A19103F-16F7-4668-BE54-9A1E7A4F7556}") = "PhoneBook.Api", "PhoneBook.Api\PhoneBook.Api.csproj", "{6F427591-DA32-4861-BA77-C5E3576C7970}"
EndProject
Project("{2150E333-8FDC-42A3-9474-1A3956D46DE8}") = "test", "test", "{D4AEDBC6-A566-478E-BCBB-2A3CE5D3316D}"
EndProject
Project("{2150E333-8FDC-42A3-9474-1A3956D46DE8}") = "Services.Reporting", "Services.Reporting", "{20AE1F0A-DD12-476D-B94A-C7C4272915E8}"
EndProject
Project("{2150E333-8FDC-42A3-9474-1A3956D46DE8}") = "Shared", "Shared", "{BF60DF16-4725-4A91-93E3-4B9AB4E1B1EE}"
EndProject
Project("{2150E333-8FDC-42A3-9474-1A3956D46DE8}") = "src", "src", "{352A1BE7-F88C-432A-AED3-8F422A662898}"
EndProject
Project("{9A19103F-16F7-4668-BE54-9A1E7A4F7556}") = "Api", "Api\Api.csproj", "{06E0E2F4-EA3F-4E8C-A063-522F3E9B57DD}"
EndProject
Project("{2150E333-8FDC-42A3-9474-1A3956D46DE8}") = "src", "src", "{A8C76A49-7DBB-43A7-BEFE-061DDDC443F8}"
EndProject
Project("{9A19103F-16F7-4668-BE54-9A1E7A4F7556}") = "Shared", "Shared\Shared.csproj", "{3A08F326-0B51-46DD-80B9-0BAE2C5CE019}"
EndProject
Project("{2150E333-8FDC-42A3-9474-1A3956D46DE8}") = "src", "src", "{93C4A0E1-37ED-4379-9E10-39C2B4B33D9C}"
EndProject
Project("{9A19103F-16F7-4668-BE54-9A1E7A4F7556}") = "Reporting.Api", "Reporting.Api\Reporting.Api.csproj", "{8CC02B72-4C6A-42DA-B3F0-F1BB44B535A8}"
EndProject
Project("{E53339B2-1760-4266-BCC7-CA923CBCF16C}") = "docker-compose", "docker-compose.dcproj", "{BA72DF29-DF5C-4451-BE67-3B36C3193B55}"
EndProject
Project("{FAE04EC0-301F-11D3-BF4B-00C04F79EFBC}") = "PhoneBook.Api.UnitTest", "PhoneBook.Api.UnitTest\PhoneBook.Api.UnitTest.csproj", "{18F178C7-5BE2-496B-B68D-21544B9A8142}"
EndProject
Global
	GlobalSection(SolutionConfigurationPlatforms) = preSolution
		Debug|Any CPU = Debug|Any CPU
		Release|Any CPU = Release|Any CPU
	EndGlobalSection
	GlobalSection(ProjectConfigurationPlatforms) = postSolution
		{6F427591-DA32-4861-BA77-C5E3576C7970}.Debug|Any CPU.ActiveCfg = Debug|Any CPU
		{6F427591-DA32-4861-BA77-C5E3576C7970}.Debug|Any CPU.Build.0 = Debug|Any CPU
		{6F427591-DA32-4861-BA77-C5E3576C7970}.Release|Any CPU.ActiveCfg = Release|Any CPU
		{6F427591-DA32-4861-BA77-C5E3576C7970}.Release|Any CPU.Build.0 = Release|Any CPU
		{06E0E2F4-EA3F-4E8C-A063-522F3E9B57DD}.Debug|Any CPU.ActiveCfg = Debug|Any CPU
		{06E0E2F4-EA3F-4E8C-A063-522F3E9B57DD}.Debug|Any CPU.Build.0 = Debug|Any CPU
		{06E0E2F4-EA3F-4E8C-A063-522F3E9B57DD}.Release|Any CPU.ActiveCfg = Release|Any CPU
		{06E0E2F4-EA3F-4E8C-A063-522F3E9B57DD}.Release|Any CPU.Build.0 = Release|Any CPU
		{3A08F326-0B51-46DD-80B9-0BAE2C5CE019}.Debug|Any CPU.ActiveCfg = Debug|Any CPU
		{3A08F326-0B51-46DD-80B9-0BAE2C5CE019}.Debug|Any CPU.Build.0 = Debug|Any CPU
		{3A08F326-0B51-46DD-80B9-0BAE2C5CE019}.Release|Any CPU.ActiveCfg = Release|Any CPU
		{3A08F326-0B51-46DD-80B9-0BAE2C5CE019}.Release|Any CPU.Build.0 = Release|Any CPU
		{8CC02B72-4C6A-42DA-B3F0-F1BB44B535A8}.Debug|Any CPU.ActiveCfg = Debug|Any CPU
		{8CC02B72-4C6A-42DA-B3F0-F1BB44B535A8}.Debug|Any CPU.Build.0 = Debug|Any CPU
		{8CC02B72-4C6A-42DA-B3F0-F1BB44B535A8}.Release|Any CPU.ActiveCfg = Release|Any CPU
		{8CC02B72-4C6A-42DA-B3F0-F1BB44B535A8}.Release|Any CPU.Build.0 = Release|Any CPU
		{BA72DF29-DF5C-4451-BE67-3B36C3193B55}.Debug|Any CPU.ActiveCfg = Debug|Any CPU
		{BA72DF29-DF5C-4451-BE67-3B36C3193B55}.Debug|Any CPU.Build.0 = Debug|Any CPU
		{BA72DF29-DF5C-4451-BE67-3B36C3193B55}.Release|Any CPU.ActiveCfg = Release|Any CPU
		{BA72DF29-DF5C-4451-BE67-3B36C3193B55}.Release|Any CPU.Build.0 = Release|Any CPU
		{18F178C7-5BE2-496B-B68D-21544B9A8142}.Debug|Any CPU.ActiveCfg = Debug|Any CPU
		{18F178C7-5BE2-496B-B68D-21544B9A8142}.Debug|Any CPU.Build.0 = Debug|Any CPU
		{18F178C7-5BE2-496B-B68D-21544B9A8142}.Release|Any CPU.ActiveCfg = Release|Any CPU
		{18F178C7-5BE2-496B-B68D-21544B9A8142}.Release|Any CPU.Build.0 = Release|Any CPU
	EndGlobalSection
	GlobalSection(SolutionProperties) = preSolution
		HideSolutionNode = FALSE
	EndGlobalSection
	GlobalSection(NestedProjects) = preSolution
		{58458766-F8D1-454B-AF6B-197CE215FEC6} = {B450BFB7-E8AC-4F3A-B7F4-C6D2C5FD33BA}
		{6F427591-DA32-4861-BA77-C5E3576C7970} = {58458766-F8D1-454B-AF6B-197CE215FEC6}
		{D4AEDBC6-A566-478E-BCBB-2A3CE5D3316D} = {B450BFB7-E8AC-4F3A-B7F4-C6D2C5FD33BA}
		{352A1BE7-F88C-432A-AED3-8F422A662898} = {DB3FBE13-3976-4F64-91D1-C717F95FFE6E}
		{06E0E2F4-EA3F-4E8C-A063-522F3E9B57DD} = {352A1BE7-F88C-432A-AED3-8F422A662898}
		{A8C76A49-7DBB-43A7-BEFE-061DDDC443F8} = {BF60DF16-4725-4A91-93E3-4B9AB4E1B1EE}
		{3A08F326-0B51-46DD-80B9-0BAE2C5CE019} = {A8C76A49-7DBB-43A7-BEFE-061DDDC443F8}
		{93C4A0E1-37ED-4379-9E10-39C2B4B33D9C} = {20AE1F0A-DD12-476D-B94A-C7C4272915E8}
		{8CC02B72-4C6A-42DA-B3F0-F1BB44B535A8} = {93C4A0E1-37ED-4379-9E10-39C2B4B33D9C}
		{18F178C7-5BE2-496B-B68D-21544B9A8142} = {D4AEDBC6-A566-478E-BCBB-2A3CE5D3316D}
	EndGlobalSection
	GlobalSection(ExtensibilityGlobals) = postSolution
		SolutionGuid = {F2832850-B78F-4047-B207-2CCE9BB3A3B3}
	EndGlobalSection
EndGlobal
